
Microsoft Visual Studio Solution File, Format Version 12.00
# Visual Studio Version 16
VisualStudioVersion = 16.0.31624.102
MinimumVisualStudioVersion = 10.0.40219.1
Project("{9A19103F-16F7-4668-BE54-9A1E7A4F7556}") = "KOF", "KOF.csproj", "{0C3328B4-9121-4B57-903F-4510A9382CCA}"
EndProject
Project("{00D1A9C2-B5F0-4AF3-8072-F6C62B433612}") = "KOFDB", "..\KOFDB\KOFDB.sqlproj", "{8441BFB1-BF86-4887-86E1-33C9D79EBFDB}"
EndProject
Global
	GlobalSection(SolutionConfigurationPlatforms) = preSolution
		Debug|Any CPU = Debug|Any CPU
		Release|Any CPU = Release|Any CPU
	EndGlobalSection
	GlobalSection(ProjectConfigurationPlatforms) = postSolution
		{0C3328B4-9121-4B57-903F-4510A9382CCA}.Debug|Any CPU.ActiveCfg = Debug|Any CPU
		{0C3328B4-9121-4B57-903F-4510A9382CCA}.Debug|Any CPU.Build.0 = Debug|Any CPU
		{0C3328B4-9121-4B57-903F-4510A9382CCA}.Release|Any CPU.ActiveCfg = Release|Any CPU
		{0C3328B4-9121-4B57-903F-4510A9382CCA}.Release|Any CPU.Build.0 = Release|Any CPU
		{8441BFB1-BF86-4887-86E1-33C9D79EBFDB}.Debug|Any CPU.ActiveCfg = Debug|Any CPU
		{8441BFB1-BF86-4887-86E1-33C9D79EBFDB}.Debug|Any CPU.Build.0 = Debug|Any CPU
		{8441BFB1-BF86-4887-86E1-33C9D79EBFDB}.Debug|Any CPU.Deploy.0 = Debug|Any CPU
		{8441BFB1-BF86-4887-86E1-33C9D79EBFDB}.Release|Any CPU.ActiveCfg = Release|Any CPU
		{8441BFB1-BF86-4887-86E1-33C9D79EBFDB}.Release|Any CPU.Build.0 = Release|Any CPU
		{8441BFB1-BF86-4887-86E1-33C9D79EBFDB}.Release|Any CPU.Deploy.0 = Release|Any CPU
	EndGlobalSection
	GlobalSection(SolutionProperties) = preSolution
		HideSolutionNode = FALSE
	EndGlobalSection
	GlobalSection(ExtensibilityGlobals) = postSolution
		SolutionGuid = {26A935FE-6B61-436D-9F64-3F4E0B2E9926}
	EndGlobalSection
EndGlobal
